
Microsoft Visual Studio Solution File, Format Version 12.00
# Visual Studio Version 17
VisualStudioVersion = 17.5.33516.290
MinimumVisualStudioVersion = 10.0.40219.1
Project("{FAE04EC0-301F-11D3-BF4B-00C04F79EFBC}") = "EvenOrOdd", "ConditionsAndCyclesApp\EvenOrOdd.csproj", "{A77FACFB-94BD-471B-9B1F-AC50980700D7}"
EndProject
Project("{FAE04EC0-301F-11D3-BF4B-00C04F79EFBC}") = "CardCount", "CardCount\CardCount.csproj", "{9EA7A6A8-5472-4F1A-A97C-70F4210D5DD6}"
EndProject
Project("{FAE04EC0-301F-11D3-BF4B-00C04F79EFBC}") = "PrimeNumber", "PrimeNumber\PrimeNumber.csproj", "{F07446C9-73F4-41CE-8641-193D17AF9CBF}"
EndProject
Project("{FAE04EC0-301F-11D3-BF4B-00C04F79EFBC}") = "MinNumber", "minNumber\MinNumber.csproj", "{B75CFD09-E577-42FC-BD8E-28F3E93251B2}"
EndProject
Project("{FAE04EC0-301F-11D3-BF4B-00C04F79EFBC}") = "GuessTheNumber", "GuessTheNumber\GuessTheNumber.csproj", "{85C5010B-2A35-4AF3-BF2A-F33ABD276E62}"
EndProject
Global
	GlobalSection(SolutionConfigurationPlatforms) = preSolution
		Debug|Any CPU = Debug|Any CPU
		Release|Any CPU = Release|Any CPU
	EndGlobalSection
	GlobalSection(ProjectConfigurationPlatforms) = postSolution
		{A77FACFB-94BD-471B-9B1F-AC50980700D7}.Debug|Any CPU.ActiveCfg = Debug|Any CPU
		{A77FACFB-94BD-471B-9B1F-AC50980700D7}.Debug|Any CPU.Build.0 = Debug|Any CPU
		{A77FACFB-94BD-471B-9B1F-AC50980700D7}.Release|Any CPU.ActiveCfg = Release|Any CPU
		{A77FACFB-94BD-471B-9B1F-AC50980700D7}.Release|Any CPU.Build.0 = Release|Any CPU
		{9EA7A6A8-5472-4F1A-A97C-70F4210D5DD6}.Debug|Any CPU.ActiveCfg = Debug|Any CPU
		{9EA7A6A8-5472-4F1A-A97C-70F4210D5DD6}.Debug|Any CPU.Build.0 = Debug|Any CPU
		{9EA7A6A8-5472-4F1A-A97C-70F4210D5DD6}.Release|Any CPU.ActiveCfg = Release|Any CPU
		{9EA7A6A8-5472-4F1A-A97C-70F4210D5DD6}.Release|Any CPU.Build.0 = Release|Any CPU
		{F07446C9-73F4-41CE-8641-193D17AF9CBF}.Debug|Any CPU.ActiveCfg = Debug|Any CPU
		{F07446C9-73F4-41CE-8641-193D17AF9CBF}.Debug|Any CPU.Build.0 = Debug|Any CPU
		{F07446C9-73F4-41CE-8641-193D17AF9CBF}.Release|Any CPU.ActiveCfg = Release|Any CPU
		{F07446C9-73F4-41CE-8641-193D17AF9CBF}.Release|Any CPU.Build.0 = Release|Any CPU
		{B75CFD09-E577-42FC-BD8E-28F3E93251B2}.Debug|Any CPU.ActiveCfg = Debug|Any CPU
		{B75CFD09-E577-42FC-BD8E-28F3E93251B2}.Debug|Any CPU.Build.0 = Debug|Any CPU
		{B75CFD09-E577-42FC-BD8E-28F3E93251B2}.Release|Any CPU.ActiveCfg = Release|Any CPU
		{B75CFD09-E577-42FC-BD8E-28F3E93251B2}.Release|Any CPU.Build.0 = Release|Any CPU
		{85C5010B-2A35-4AF3-BF2A-F33ABD276E62}.Debug|Any CPU.ActiveCfg = Debug|Any CPU
		{85C5010B-2A35-4AF3-BF2A-F33ABD276E62}.Debug|Any CPU.Build.0 = Debug|Any CPU
		{85C5010B-2A35-4AF3-BF2A-F33ABD276E62}.Release|Any CPU.ActiveCfg = Release|Any CPU
		{85C5010B-2A35-4AF3-BF2A-F33ABD276E62}.Release|Any CPU.Build.0 = Release|Any CPU
	EndGlobalSection
	GlobalSection(SolutionProperties) = preSolution
		HideSolutionNode = FALSE
	EndGlobalSection
	GlobalSection(ExtensibilityGlobals) = postSolution
		SolutionGuid = {4C697632-D107-46EF-A516-45E8992E1CD4}
	EndGlobalSection
EndGlobal
